
Microsoft Visual Studio Solution File, Format Version 12.00
# Visual Studio 15
VisualStudioVersion = 15.0.28307.106
MinimumVisualStudioVersion = 10.0.40219.1
Project("{FAE04EC0-301F-11D3-BF4B-00C04F79EFBC}") = "ZeitArbeit.Android", "ZeitArbeit\ZeitArbeit.Android\ZeitArbeit.Android.csproj", "{40AB641B-7461-4B8A-B04B-D0E08E3CA937}"
EndProject
Project("{FAE04EC0-301F-11D3-BF4B-00C04F79EFBC}") = "ZeitArbeit.iOS", "ZeitArbeit\ZeitArbeit.iOS\ZeitArbeit.iOS.csproj", "{9D7E27A5-7709-42D2-A1C0-91A4999A3C5C}"
EndProject
Project("{FAE04EC0-301F-11D3-BF4B-00C04F79EFBC}") = "ZeitArbeit", "ZeitArbeit\ZeitArbeit\ZeitArbeit.csproj", "{A271CB85-5987-4C6F-8B69-42ACA53AC5C0}"
EndProject
Global
	GlobalSection(SolutionConfigurationPlatforms) = preSolution
		Ad-Hoc|Any CPU = Ad-Hoc|Any CPU
		Ad-Hoc|iPhone = Ad-Hoc|iPhone
		Ad-Hoc|iPhoneSimulator = Ad-Hoc|iPhoneSimulator
		AppStore|Any CPU = AppStore|Any CPU
		AppStore|iPhone = AppStore|iPhone
		AppStore|iPhoneSimulator = AppStore|iPhoneSimulator
		Debug|Any CPU = Debug|Any CPU
		Debug|iPhone = Debug|iPhone
		Debug|iPhoneSimulator = Debug|iPhoneSimulator
		Release|Any CPU = Release|Any CPU
		Release|iPhone = Release|iPhone
		Release|iPhoneSimulator = Release|iPhoneSimulator
	EndGlobalSection
	GlobalSection(ProjectConfigurationPlatforms) = postSolution
		{40AB641B-7461-4B8A-B04B-D0E08E3CA937}.Ad-Hoc|Any CPU.ActiveCfg = Release|Any CPU
		{40AB641B-7461-4B8A-B04B-D0E08E3CA937}.Ad-Hoc|Any CPU.Build.0 = Release|Any CPU
		{40AB641B-7461-4B8A-B04B-D0E08E3CA937}.Ad-Hoc|Any CPU.Deploy.0 = Release|Any CPU
		{40AB641B-7461-4B8A-B04B-D0E08E3CA937}.Ad-Hoc|iPhone.ActiveCfg = Release|Any CPU
		{40AB641B-7461-4B8A-B04B-D0E08E3CA937}.Ad-Hoc|iPhone.Build.0 = Release|Any CPU
		{40AB641B-7461-4B8A-B04B-D0E08E3CA937}.Ad-Hoc|iPhone.Deploy.0 = Release|Any CPU
		{40AB641B-7461-4B8A-B04B-D0E08E3CA937}.Ad-Hoc|iPhoneSimulator.ActiveCfg = Release|Any CPU
		{40AB641B-7461-4B8A-B04B-D0E08E3CA937}.Ad-Hoc|iPhoneSimulator.Build.0 = Release|Any CPU
		{40AB641B-7461-4B8A-B04B-D0E08E3CA937}.Ad-Hoc|iPhoneSimulator.Deploy.0 = Release|Any CPU
		{40AB641B-7461-4B8A-B04B-D0E08E3CA937}.AppStore|Any CPU.ActiveCfg = Release|Any CPU
		{40AB641B-7461-4B8A-B04B-D0E08E3CA937}.AppStore|Any CPU.Build.0 = Release|Any CPU
		{40AB641B-7461-4B8A-B04B-D0E08E3CA937}.AppStore|Any CPU.Deploy.0 = Release|Any CPU
		{40AB641B-7461-4B8A-B04B-D0E08E3CA937}.AppStore|iPhone.ActiveCfg = Release|Any CPU
		{40AB641B-7461-4B8A-B04B-D0E08E3CA937}.AppStore|iPhone.Build.0 = Release|Any CPU
		{40AB641B-7461-4B8A-B04B-D0E08E3CA937}.AppStore|iPhone.Deploy.0 = Release|Any CPU
		{40AB641B-7461-4B8A-B04B-D0E08E3CA937}.AppStore|iPhoneSimulator.ActiveCfg = Release|Any CPU
		{40AB641B-7461-4B8A-B04B-D0E08E3CA937}.AppStore|iPhoneSimulator.Build.0 = Release|Any CPU
		{40AB641B-7461-4B8A-B04B-D0E08E3CA937}.AppStore|iPhoneSimulator.Deploy.0 = Release|Any CPU
		{40AB641B-7461-4B8A-B04B-D0E08E3CA937}.Debug|Any CPU.ActiveCfg = Debug|Any CPU
		{40AB641B-7461-4B8A-B04B-D0E08E3CA937}.Debug|Any CPU.Build.0 = Debug|Any CPU
		{40AB641B-7461-4B8A-B04B-D0E08E3CA937}.Debug|Any CPU.Deploy.0 = Debug|Any CPU
		{40AB641B-7461-4B8A-B04B-D0E08E3CA937}.Debug|iPhone.ActiveCfg = Debug|Any CPU
		{40AB641B-7461-4B8A-B04B-D0E08E3CA937}.Debug|iPhone.Build.0 = Debug|Any CPU
		{40AB641B-7461-4B8A-B04B-D0E08E3CA937}.Debug|iPhone.Deploy.0 = Debug|Any CPU
		{40AB641B-7461-4B8A-B04B-D0E08E3CA937}.Debug|iPhoneSimulator.ActiveCfg = Debug|Any CPU
		{40AB641B-7461-4B8A-B04B-D0E08E3CA937}.Debug|iPhoneSimulator.Build.0 = Debug|Any CPU
		{40AB641B-7461-4B8A-B04B-D0E08E3CA937}.Debug|iPhoneSimulator.Deploy.0 = Debug|Any CPU
		{40AB641B-7461-4B8A-B04B-D0E08E3CA937}.Release|Any CPU.ActiveCfg = Release|Any CPU
		{40AB641B-7461-4B8A-B04B-D0E08E3CA937}.Release|Any CPU.Build.0 = Release|Any CPU
		{40AB641B-7461-4B8A-B04B-D0E08E3CA937}.Release|Any CPU.Deploy.0 = Release|Any CPU
		{40AB641B-7461-4B8A-B04B-D0E08E3CA937}.Release|iPhone.ActiveCfg = Release|Any CPU
		{40AB641B-7461-4B8A-B04B-D0E08E3CA937}.Release|iPhone.Build.0 = Release|Any CPU
		{40AB641B-7461-4B8A-B04B-D0E08E3CA937}.Release|iPhone.Deploy.0 = Release|Any CPU
		{40AB641B-7461-4B8A-B04B-D0E08E3CA937}.Release|iPhoneSimulator.ActiveCfg = Release|Any CPU
		{40AB641B-7461-4B8A-B04B-D0E08E3CA937}.Release|iPhoneSimulator.Build.0 = Release|Any CPU
		{40AB641B-7461-4B8A-B04B-D0E08E3CA937}.Release|iPhoneSimulator.Deploy.0 = Release|Any CPU
		{9D7E27A5-7709-42D2-A1C0-91A4999A3C5C}.Ad-Hoc|Any CPU.ActiveCfg = Ad-Hoc|iPhone
		{9D7E27A5-7709-42D2-A1C0-91A4999A3C5C}.Ad-Hoc|Any CPU.Build.0 = Ad-Hoc|iPhone
		{9D7E27A5-7709-42D2-A1C0-91A4999A3C5C}.Ad-Hoc|Any CPU.Deploy.0 = Ad-Hoc|iPhone
		{9D7E27A5-7709-42D2-A1C0-91A4999A3C5C}.Ad-Hoc|iPhone.ActiveCfg = Ad-Hoc|iPhone
		{9D7E27A5-7709-42D2-A1C0-91A4999A3C5C}.Ad-Hoc|iPhone.Build.0 = Ad-Hoc|iPhone
		{9D7E27A5-7709-42D2-A1C0-91A4999A3C5C}.Ad-Hoc|iPhone.Deploy.0 = Ad-Hoc|iPhone
		{9D7E27A5-7709-42D2-A1C0-91A4999A3C5C}.Ad-Hoc|iPhoneSimulator.ActiveCfg = Ad-Hoc|iPhoneSimulator
		{9D7E27A5-7709-42D2-A1C0-91A4999A3C5C}.Ad-Hoc|iPhoneSimulator.Build.0 = Ad-Hoc|iPhoneSimulator
		{9D7E27A5-7709-42D2-A1C0-91A4999A3C5C}.Ad-Hoc|iPhoneSimulator.Deploy.0 = Ad-Hoc|iPhoneSimulator
		{9D7E27A5-7709-42D2-A1C0-91A4999A3C5C}.AppStore|Any CPU.ActiveCfg = AppStore|iPhone
		{9D7E27A5-7709-42D2-A1C0-91A4999A3C5C}.AppStore|Any CPU.Build.0 = AppStore|iPhone
		{9D7E27A5-7709-42D2-A1C0-91A4999A3C5C}.AppStore|Any CPU.Deploy.0 = AppStore|iPhone
		{9D7E27A5-7709-42D2-A1C0-91A4999A3C5C}.AppStore|iPhone.ActiveCfg = AppStore|iPhone
		{9D7E27A5-7709-42D2-A1C0-91A4999A3C5C}.AppStore|iPhone.Build.0 = AppStore|iPhone
		{9D7E27A5-7709-42D2-A1C0-91A4999A3C5C}.AppStore|iPhone.Deploy.0 = AppStore|iPhone
		{9D7E27A5-7709-42D2-A1C0-91A4999A3C5C}.AppStore|iPhoneSimulator.ActiveCfg = AppStore|iPhoneSimulator
		{9D7E27A5-7709-42D2-A1C0-91A4999A3C5C}.AppStore|iPhoneSimulator.Build.0 = AppStore|iPhoneSimulator
		{9D7E27A5-7709-42D2-A1C0-91A4999A3C5C}.AppStore|iPhoneSimulator.Deploy.0 = AppStore|iPhoneSimulator
		{9D7E27A5-7709-42D2-A1C0-91A4999A3C5C}.Debug|Any CPU.ActiveCfg = Debug|iPhoneSimulator
		{9D7E27A5-7709-42D2-A1C0-91A4999A3C5C}.Debug|Any CPU.Build.0 = Debug|iPhoneSimulator
		{9D7E27A5-7709-42D2-A1C0-91A4999A3C5C}.Debug|Any CPU.Deploy.0 = Debug|iPhoneSimulator
		{9D7E27A5-7709-42D2-A1C0-91A4999A3C5C}.Debug|iPhone.ActiveCfg = Debug|iPhone
		{9D7E27A5-7709-42D2-A1C0-91A4999A3C5C}.Debug|iPhone.Build.0 = Debug|iPhone
		{9D7E27A5-7709-42D2-A1C0-91A4999A3C5C}.Debug|iPhone.Deploy.0 = Debug|iPhone
		{9D7E27A5-7709-42D2-A1C0-91A4999A3C5C}.Debug|iPhoneSimulator.ActiveCfg = Debug|iPhoneSimulator
		{9D7E27A5-7709-42D2-A1C0-91A4999A3C5C}.Debug|iPhoneSimulator.Build.0 = Debug|iPhoneSimulator
		{9D7E27A5-7709-42D2-A1C0-91A4999A3C5C}.Debug|iPhoneSimulator.Deploy.0 = Debug|iPhoneSimulator
		{9D7E27A5-7709-42D2-A1C0-91A4999A3C5C}.Release|Any CPU.ActiveCfg = Release|iPhone
		{9D7E27A5-7709-42D2-A1C0-91A4999A3C5C}.Release|Any CPU.Build.0 = Release|iPhone
		{9D7E27A5-7709-42D2-A1C0-91A4999A3C5C}.Release|Any CPU.Deploy.0 = Release|iPhone
		{9D7E27A5-7709-42D2-A1C0-91A4999A3C5C}.Release|iPhone.ActiveCfg = Release|iPhone
		{9D7E27A5-7709-42D2-A1C0-91A4999A3C5C}.Release|iPhone.Build.0 = Release|iPhone
		{9D7E27A5-7709-42D2-A1C0-91A4999A3C5C}.Release|iPhone.Deploy.0 = Release|iPhone
		{9D7E27A5-7709-42D2-A1C0-91A4999A3C5C}.Release|iPhoneSimulator.ActiveCfg = Release|iPhoneSimulator
		{9D7E27A5-7709-42D2-A1C0-91A4999A3C5C}.Release|iPhoneSimulator.Build.0 = Release|iPhoneSimulator
		{9D7E27A5-7709-42D2-A1C0-91A4999A3C5C}.Release|iPhoneSimulator.Deploy.0 = Release|iPhoneSimulator
		{A271CB85-5987-4C6F-8B69-42ACA53AC5C0}.Ad-Hoc|Any CPU.ActiveCfg = Debug|Any CPU
		{A271CB85-5987-4C6F-8B69-42ACA53AC5C0}.Ad-Hoc|Any CPU.Build.0 = Debug|Any CPU
		{A271CB85-5987-4C6F-8B69-42ACA53AC5C0}.Ad-Hoc|Any CPU.Deploy.0 = Debug|Any CPU
		{A271CB85-5987-4C6F-8B69-42ACA53AC5C0}.Ad-Hoc|iPhone.ActiveCfg = Debug|Any CPU
		{A271CB85-5987-4C6F-8B69-42ACA53AC5C0}.Ad-Hoc|iPhone.Build.0 = Debug|Any CPU
		{A271CB85-5987-4C6F-8B69-42ACA53AC5C0}.Ad-Hoc|iPhone.Deploy.0 = Debug|Any CPU
		{A271CB85-5987-4C6F-8B69-42ACA53AC5C0}.Ad-Hoc|iPhoneSimulator.ActiveCfg = Debug|Any CPU
		{A271CB85-5987-4C6F-8B69-42ACA53AC5C0}.Ad-Hoc|iPhoneSimulator.Build.0 = Debug|Any CPU
		{A271CB85-5987-4C6F-8B69-42ACA53AC5C0}.Ad-Hoc|iPhoneSimulator.Deploy.0 = Debug|Any CPU
		{A271CB85-5987-4C6F-8B69-42ACA53AC5C0}.AppStore|Any CPU.ActiveCfg = Debug|Any CPU
		{A271CB85-5987-4C6F-8B69-42ACA53AC5C0}.AppStore|Any CPU.Build.0 = Debug|Any CPU
		{A271CB85-5987-4C6F-8B69-42ACA53AC5C0}.AppStore|Any CPU.Deploy.0 = Debug|Any CPU
		{A271CB85-5987-4C6F-8B69-42ACA53AC5C0}.AppStore|iPhone.ActiveCfg = Debug|Any CPU
		{A271CB85-5987-4C6F-8B69-42ACA53AC5C0}.AppStore|iPhone.Build.0 = Debug|Any CPU
		{A271CB85-5987-4C6F-8B69-42ACA53AC5C0}.AppStore|iPhone.Deploy.0 = Debug|Any CPU
		{A271CB85-5987-4C6F-8B69-42ACA53AC5C0}.AppStore|iPhoneSimulator.ActiveCfg = Debug|Any CPU
		{A271CB85-5987-4C6F-8B69-42ACA53AC5C0}.AppStore|iPhoneSimulator.Build.0 = Debug|Any CPU
		{A271CB85-5987-4C6F-8B69-42ACA53AC5C0}.AppStore|iPhoneSimulator.Deploy.0 = Debug|Any CPU
		{A271CB85-5987-4C6F-8B69-42ACA53AC5C0}.Debug|Any CPU.ActiveCfg = Debug|Any CPU
		{A271CB85-5987-4C6F-8B69-42ACA53AC5C0}.Debug|Any CPU.Build.0 = Debug|Any CPU
		{A271CB85-5987-4C6F-8B69-42ACA53AC5C0}.Debug|Any CPU.Deploy.0 = Debug|Any CPU
		{A271CB85-5987-4C6F-8B69-42ACA53AC5C0}.Debug|iPhone.ActiveCfg = Debug|Any CPU
		{A271CB85-5987-4C6F-8B69-42ACA53AC5C0}.Debug|iPhone.Build.0 = Debug|Any CPU
		{A271CB85-5987-4C6F-8B69-42ACA53AC5C0}.Debug|iPhone.Deploy.0 = Debug|Any CPU
		{A271CB85-5987-4C6F-8B69-42ACA53AC5C0}.Debug|iPhoneSimulator.ActiveCfg = Debug|Any CPU
		{A271CB85-5987-4C6F-8B69-42ACA53AC5C0}.Debug|iPhoneSimulator.Build.0 = Debug|Any CPU
		{A271CB85-5987-4C6F-8B69-42ACA53AC5C0}.Debug|iPhoneSimulator.Deploy.0 = Debug|Any CPU
		{A271CB85-5987-4C6F-8B69-42ACA53AC5C0}.Release|Any CPU.ActiveCfg = Release|Any CPU
		{A271CB85-5987-4C6F-8B69-42ACA53AC5C0}.Release|Any CPU.Build.0 = Release|Any CPU
		{A271CB85-5987-4C6F-8B69-42ACA53AC5C0}.Release|Any CPU.Deploy.0 = Release|Any CPU
		{A271CB85-5987-4C6F-8B69-42ACA53AC5C0}.Release|iPhone.ActiveCfg = Release|Any CPU
		{A271CB85-5987-4C6F-8B69-42ACA53AC5C0}.Release|iPhone.Build.0 = Release|Any CPU
		{A271CB85-5987-4C6F-8B69-42ACA53AC5C0}.Release|iPhone.Deploy.0 = Release|Any CPU
		{A271CB85-5987-4C6F-8B69-42ACA53AC5C0}.Release|iPhoneSimulator.ActiveCfg = Release|Any CPU
		{A271CB85-5987-4C6F-8B69-42ACA53AC5C0}.Release|iPhoneSimulator.Build.0 = Release|Any CPU
		{A271CB85-5987-4C6F-8B69-42ACA53AC5C0}.Release|iPhoneSimulator.Deploy.0 = Release|Any CPU
	EndGlobalSection
	GlobalSection(SolutionProperties) = preSolution
		HideSolutionNode = FALSE
	EndGlobalSection
	GlobalSection(ExtensibilityGlobals) = postSolution
		SolutionGuid = {CE412A16-958A-4355-95BB-C1AD4FD89FA4}
	EndGlobalSection
EndGlobal
